
Microsoft Visual Studio Solution File, Format Version 12.00
# Visual Studio Version 17
VisualStudioVersion = 17.14.37502.11 d17.14
MinimumVisualStudioVersion = 10.0.40219.1
Project("{FAE04EC0-301F-11D3-BF4B-00C04F79EFBC}") = "webAdmin", "webAdmin.csproj", "{336A068A-0B96-315A-B738-7C90DE80514A}"
EndProject
Global
	GlobalSection(SolutionConfigurationPlatforms) = preSolution
		Debug|Any CPU = Debug|Any CPU
		Release|Any CPU = Release|Any CPU
	EndGlobalSection
	GlobalSection(ProjectConfigurationPlatforms) = postSolution
		{336A068A-0B96-315A-B738-7C90DE80514A}.Debug|Any CPU.ActiveCfg = Debug|Any CPU
		{336A068A-0B96-315A-B738-7C90DE80514A}.Debug|Any CPU.Build.0 = Debug|Any CPU
		{336A068A-0B96-315A-B738-7C90DE80514A}.Release|Any CPU.ActiveCfg = Release|Any CPU
		{336A068A-0B96-315A-B738-7C90DE80514A}.Release|Any CPU.Build.0 = Release|Any CPU
	EndGlobalSection
	GlobalSection(SolutionProperties) = preSolution
		HideSolutionNode = FALSE
	EndGlobalSection
	GlobalSection(ExtensibilityGlobals) = postSolution
		SolutionGuid = {6C5E3BBA-2464-410A-AA0B-08035A42F979}
	EndGlobalSection
EndGlobal
